{
  "name": "gsap_animations",
  "version": "1.0.0",
  "lockfileVersion": 3,
  "requires": true,
  "packages": {
    "": {
      "name": "gsap_animations",
      "version": "1.0.0",
      "license": "ISC",
      "dependencies": {
        "@types/gsap": "^3.0.0",
        "gsap": "^3.12.5"
      }
    },
    "node_modules/@types/gsap": {
      "version": "3.0.0",
      "resolved": "https://registry.npmjs.org/@types/gsap/-/gsap-3.0.0.tgz",
      "integrity": "sha512-BbWLi4WRHGze4C8NV7U7yRevuBFiPkPZZyGa0rryanvh/9HPUFXTNBXsGQxJZJq7Ix7j4RXMYodP3s+OsqCErg==",
      "deprecated": "This is a stub types definition. gsap provides its own type definitions, so you do not need this installed.",
      "dependencies": {
        "gsap": "*"
      }
    },
    "node_modules/gsap": {
      "version": "3.12.5",
      "resolved": "https://registry.npmjs.org/gsap/-/gsap-3.12.5.tgz",
      "integrity": "sha512-srBfnk4n+Oe/ZnMIOXt3gT605BX9x5+rh/prT2F1SsNJsU1XuMiP0E2aptW481OnonOGACZWBqseH5Z7csHxhQ=="
    }
  }
}
